
Microsoft Visual Studio Solution File, Format Version 12.00
# Visual Studio 15
VisualStudioVersion = 15.0.28307.438
MinimumVisualStudioVersion = 10.0.40219.1
Project("{9A19103F-16F7-4668-BE54-9A1E7A4F7556}") = "EventManager.API", "EventManager\EventManager.API.csproj", "{D151FA4B-88A9-4CBC-AF48-DCA17A74D1E6}"
EndProject
Project("{FAE04EC0-301F-11D3-BF4B-00C04F79EFBC}") = "EventManager.WebApp", "EventManager.WebApp\EventManager.WebApp.csproj", "{D4AAF2F9-5563-44E9-B6D3-B2D0867038A3}"
EndProject
Global
	GlobalSection(SolutionConfigurationPlatforms) = preSolution
		Debug|Any CPU = Debug|Any CPU
		Release|Any CPU = Release|Any CPU
	EndGlobalSection
	GlobalSection(ProjectConfigurationPlatforms) = postSolution
		{D151FA4B-88A9-4CBC-AF48-DCA17A74D1E6}.Debug|Any CPU.ActiveCfg = Debug|Any CPU
		{D151FA4B-88A9-4CBC-AF48-DCA17A74D1E6}.Debug|Any CPU.Build.0 = Debug|Any CPU
		{D151FA4B-88A9-4CBC-AF48-DCA17A74D1E6}.Release|Any CPU.ActiveCfg = Release|Any CPU
		{D151FA4B-88A9-4CBC-AF48-DCA17A74D1E6}.Release|Any CPU.Build.0 = Release|Any CPU
		{D4AAF2F9-5563-44E9-B6D3-B2D0867038A3}.Debug|Any CPU.ActiveCfg = Debug|Any CPU
		{D4AAF2F9-5563-44E9-B6D3-B2D0867038A3}.Debug|Any CPU.Build.0 = Debug|Any CPU
		{D4AAF2F9-5563-44E9-B6D3-B2D0867038A3}.Release|Any CPU.ActiveCfg = Release|Any CPU
		{D4AAF2F9-5563-44E9-B6D3-B2D0867038A3}.Release|Any CPU.Build.0 = Release|Any CPU
	EndGlobalSection
	GlobalSection(SolutionProperties) = preSolution
		HideSolutionNode = FALSE
	EndGlobalSection
	GlobalSection(ExtensibilityGlobals) = postSolution
		SolutionGuid = {31A2A8E5-C3B1-4740-BF4B-1F28ECE07CCF}
	EndGlobalSection
EndGlobal
